
Microsoft Visual Studio Solution File, Format Version 12.00
# Visual Studio Version 17
VisualStudioVersion = 17.11.35312.102
MinimumVisualStudioVersion = 10.0.40219.1
Project("{FAE04EC0-301F-11D3-BF4B-00C04F79EFBC}") = "Laboratornaya3", "Laboratornaya3\Laboratornaya3.csproj", "{886550CA-812E-49B3-8236-00A72132E1FE}"
EndProject
Global
	GlobalSection(SolutionConfigurationPlatforms) = preSolution
		Debug|Any CPU = Debug|Any CPU
		Release|Any CPU = Release|Any CPU
	EndGlobalSection
	GlobalSection(ProjectConfigurationPlatforms) = postSolution
		{886550CA-812E-49B3-8236-00A72132E1FE}.Debug|Any CPU.ActiveCfg = Debug|Any CPU
		{886550CA-812E-49B3-8236-00A72132E1FE}.Debug|Any CPU.Build.0 = Debug|Any CPU
		{886550CA-812E-49B3-8236-00A72132E1FE}.Release|Any CPU.ActiveCfg = Release|Any CPU
		{886550CA-812E-49B3-8236-00A72132E1FE}.Release|Any CPU.Build.0 = Release|Any CPU
	EndGlobalSection
	GlobalSection(SolutionProperties) = preSolution
		HideSolutionNode = FALSE
	EndGlobalSection
	GlobalSection(ExtensibilityGlobals) = postSolution
		SolutionGuid = {78BC68F0-1364-44A3-92B6-2A4AC399EE55}
	EndGlobalSection
EndGlobal
